
Microsoft Visual Studio Solution File, Format Version 12.00
# Visual Studio Version 16
VisualStudioVersion = 16.0.29424.173
MinimumVisualStudioVersion = 10.0.40219.1
Project("{8BC9CEB8-8B4A-11D0-8D11-00A0C91BC942}") = "uygulama1", "uygulama1\uygulama1.vcxproj", "{D049E3C9-E584-4A60-8016-3C4C23DE7981}"
EndProject
Global
	GlobalSection(SolutionConfigurationPlatforms) = preSolution
		Debug|x64 = Debug|x64
		Debug|x86 = Debug|x86
		Release|x64 = Release|x64
		Release|x86 = Release|x86
	EndGlobalSection
	GlobalSection(ProjectConfigurationPlatforms) = postSolution
		{D049E3C9-E584-4A60-8016-3C4C23DE7981}.Debug|x64.ActiveCfg = Debug|x64
		{D049E3C9-E584-4A60-8016-3C4C23DE7981}.Debug|x64.Build.0 = Debug|x64
		{D049E3C9-E584-4A60-8016-3C4C23DE7981}.Debug|x86.ActiveCfg = Debug|Win32
		{D049E3C9-E584-4A60-8016-3C4C23DE7981}.Debug|x86.Build.0 = Debug|Win32
		{D049E3C9-E584-4A60-8016-3C4C23DE7981}.Release|x64.ActiveCfg = Release|x64
		{D049E3C9-E584-4A60-8016-3C4C23DE7981}.Release|x64.Build.0 = Release|x64
		{D049E3C9-E584-4A60-8016-3C4C23DE7981}.Release|x86.ActiveCfg = Release|Win32
		{D049E3C9-E584-4A60-8016-3C4C23DE7981}.Release|x86.Build.0 = Release|Win32
	EndGlobalSection
	GlobalSection(SolutionProperties) = preSolution
		HideSolutionNode = FALSE
	EndGlobalSection
	GlobalSection(ExtensibilityGlobals) = postSolution
		SolutionGuid = {EB6C90E3-1569-464F-85DE-164880406ACE}
	EndGlobalSection
EndGlobal
